
Microsoft Visual Studio Solution File, Format Version 12.00
# Visual Studio Version 16
VisualStudioVersion = 16.0.30114.105
MinimumVisualStudioVersion = 10.0.40219.1
Project("{9A19103F-16F7-4668-BE54-9A1E7A4F7556}") = "ScrabbleGame", "ScrabbleGame\ScrabbleGame.csproj", "{0865FCC2-D0E5-4B1B-9887-48360BFB0C61}"
EndProject
Project("{2150E333-8FDC-42A3-9474-1A3956D46DE8}") = "Solution Items", "Solution Items", "{71672D7A-7373-4B80-8027-7023A717EEAD}"
	ProjectSection(SolutionItems) = preProject
		.gitattributes = .gitattributes
		.gitignore = .gitignore
	EndProjectSection
EndProject
Project("{FAE04EC0-301F-11D3-BF4B-00C04F79EFBC}") = "ScrabbleGame.Tests", "ScrabbleGame.Tests\ScrabbleGame.Tests.csproj", "{90A9A9DC-145B-4F03-AB6C-8EA0A2949FB1}"
EndProject
Global
	GlobalSection(SolutionConfigurationPlatforms) = preSolution
		Debug|Any CPU = Debug|Any CPU
		Release|Any CPU = Release|Any CPU
	EndGlobalSection
	GlobalSection(ProjectConfigurationPlatforms) = postSolution
		{0865FCC2-D0E5-4B1B-9887-48360BFB0C61}.Debug|Any CPU.ActiveCfg = Debug|Any CPU
		{0865FCC2-D0E5-4B1B-9887-48360BFB0C61}.Debug|Any CPU.Build.0 = Debug|Any CPU
		{0865FCC2-D0E5-4B1B-9887-48360BFB0C61}.Release|Any CPU.ActiveCfg = Release|Any CPU
		{0865FCC2-D0E5-4B1B-9887-48360BFB0C61}.Release|Any CPU.Build.0 = Release|Any CPU
		{90A9A9DC-145B-4F03-AB6C-8EA0A2949FB1}.Debug|Any CPU.ActiveCfg = Debug|Any CPU
		{90A9A9DC-145B-4F03-AB6C-8EA0A2949FB1}.Debug|Any CPU.Build.0 = Debug|Any CPU
		{90A9A9DC-145B-4F03-AB6C-8EA0A2949FB1}.Release|Any CPU.ActiveCfg = Release|Any CPU
		{90A9A9DC-145B-4F03-AB6C-8EA0A2949FB1}.Release|Any CPU.Build.0 = Release|Any CPU
	EndGlobalSection
	GlobalSection(SolutionProperties) = preSolution
		HideSolutionNode = FALSE
	EndGlobalSection
	GlobalSection(ExtensibilityGlobals) = postSolution
		SolutionGuid = {95E906E2-8B6B-4D1C-AE14-B9F95A5A8ACE}
	EndGlobalSection
EndGlobal
